
Microsoft Visual Studio Solution File, Format Version 12.00
# Visual Studio Version 16
VisualStudioVersion = 16.0.30002.166
MinimumVisualStudioVersion = 10.0.40219.1
Project("{8BC9CEB8-8B4A-11D0-8D11-00A0C91BC942}") = "ReducedEngine", "ReducedEngine\ReducedEngine.vcxproj", "{1623193E-5598-486E-86AC-07C06CE2EC6C}"
EndProject
Global
	GlobalSection(SolutionConfigurationPlatforms) = preSolution
		Debug|x64 = Debug|x64
		Debug|x86 = Debug|x86
		Release|x64 = Release|x64
		Release|x86 = Release|x86
	EndGlobalSection
	GlobalSection(ProjectConfigurationPlatforms) = postSolution
		{1623193E-5598-486E-86AC-07C06CE2EC6C}.Debug|x64.ActiveCfg = Debug|x64
		{1623193E-5598-486E-86AC-07C06CE2EC6C}.Debug|x64.Build.0 = Debug|x64
		{1623193E-5598-486E-86AC-07C06CE2EC6C}.Debug|x86.ActiveCfg = Debug|Win32
		{1623193E-5598-486E-86AC-07C06CE2EC6C}.Debug|x86.Build.0 = Debug|Win32
		{1623193E-5598-486E-86AC-07C06CE2EC6C}.Release|x64.ActiveCfg = Release|x64
		{1623193E-5598-486E-86AC-07C06CE2EC6C}.Release|x64.Build.0 = Release|x64
		{1623193E-5598-486E-86AC-07C06CE2EC6C}.Release|x86.ActiveCfg = Release|Win32
		{1623193E-5598-486E-86AC-07C06CE2EC6C}.Release|x86.Build.0 = Release|Win32
	EndGlobalSection
	GlobalSection(SolutionProperties) = preSolution
		HideSolutionNode = FALSE
	EndGlobalSection
	GlobalSection(ExtensibilityGlobals) = postSolution
		SolutionGuid = {BB023FDC-DAFE-4D3A-8DA2-A8B932D0212F}
	EndGlobalSection
EndGlobal
