<?xml version="1.0" encoding="utf-8"?>
<Project ToolsVersion="4.0" xmlns="http://schemas.microsoft.com/developer/msbuild/2003">
  <ItemGroup>
    <Filter Include="Source Files">
      <UniqueIdentifier>{4FC737F1-C7A5-4376-A066-2A32D752A2FF}</UniqueIdentifier>
      <Extensions>cpp;c;cc;cxx;c++;def;odl;idl;hpj;bat;asm;asmx</Extensions>
    </Filter>
    <Filter Include="Header Files">
      <UniqueIdentifier>{93995380-89BD-4b04-88EB-625FBE52EBFB}</UniqueIdentifier>
      <Extensions>h;hh;hpp;hxx;h++;hm;inl;inc;ipp;xsd</Extensions>
    </Filter>
    <Filter Include="Resource Files">
      <UniqueIdentifier>{67DA6AB6-F800-4c08-8B7A-83BB121AAD01}</UniqueIdentifier>
      <Extensions>rc;ico;cur;bmp;dlg;rc2;rct;bin;rgs;gif;jpg;jpeg;jpe;resx;tiff;tif;png;wav;mfcribbon-ms</Extensions>
    </Filter>
    <Filter Include="Header Files\Input">
      <UniqueIdentifier>{a50a4d09-57f9-47d5-b505-47f03556cbf8}</UniqueIdentifier>
    </Filter>
    <Filter Include="Header Files\Input\Mouse">
      <UniqueIdentifier>{60dbdb08-7bac-4c5a-bddd-a15c535e63ea}</UniqueIdentifier>
    </Filter>
    <Filter Include="Header Files\Input\Keyboard">
      <UniqueIdentifier>{d7024dcb-3eca-497c-835b-b90383571ea1}</UniqueIdentifier>
    </Filter>
    <Filter Include="Source Files\Input">
      <UniqueIdentifier>{31de4501-a3ff-4151-8c42-280965cc6013}</UniqueIdentifier>
    </Filter>
    <Filter Include="Source Files\Input\Mouse">
      <UniqueIdentifier>{a67efb0d-ee24-492f-8a70-844c12fa9ec8}</UniqueIdentifier>
    </Filter>
    <Filter Include="Source Files\Input\Keyboard">
      <UniqueIdentifier>{a3508400-b5f1-4a1f-8152-06f2f98b4643}</UniqueIdentifier>
    </Filter>
    <Filter Include="Header Files\Output">
      <UniqueIdentifier>{119e14de-877c-4c41-ae7a-0c389b91210b}</UniqueIdentifier>
    </Filter>
    <Filter Include="Header Files\Output\Graphics">
      <UniqueIdentifier>{86e3fbc9-0f95-4280-a1e4-7d1dbdaa87d6}</UniqueIdentifier>
    </Filter>
    <Filter Include="Header Files\Output\Graphics\DisplayShader">
      <UniqueIdentifier>{45fa47bc-cac5-4df0-b50a-3f52e3861933}</UniqueIdentifier>
    </Filter>
    <Filter Include="Source Files\Output">
      <UniqueIdentifier>{23d61d7a-99ce-4923-8c26-49fb2cce1e82}</UniqueIdentifier>
    </Filter>
    <Filter Include="Source Files\Output\Graphics">
      <UniqueIdentifier>{e7e5df05-7cf8-424a-a8f5-aa340624dd8e}</UniqueIdentifier>
    </Filter>
    <Filter Include="Source Files\Output\Graphics\DisplayShader">
      <UniqueIdentifier>{ac5a1e93-2dea-4cfc-9067-c34f0f495e1a}</UniqueIdentifier>
    </Filter>
    <Filter Include="Header Files\Asset Manager">
      <UniqueIdentifier>{ea54e153-b59c-4856-a527-3b3ac8fb11f1}</UniqueIdentifier>
    </Filter>
    <Filter Include="Header Files\Shaders">
      <UniqueIdentifier>{f148fe41-173d-47c1-97a1-82b6be6b7794}</UniqueIdentifier>
    </Filter>
    <Filter Include="Shaders">
      <UniqueIdentifier>{033608bb-9a69-4c5e-9d49-098a01cc9e7a}</UniqueIdentifier>
    </Filter>
    <Filter Include="Source Files\Asset Manager">
      <UniqueIdentifier>{d930ad62-ac33-43b9-ab74-494995a197b3}</UniqueIdentifier>
    </Filter>
    <Filter Include="Assets">
      <UniqueIdentifier>{96ad8e68-5842-4a3b-96b2-737f22749caf}</UniqueIdentifier>
    </Filter>
    <Filter Include="Shaders\TextureShader">
      <UniqueIdentifier>{5b4693b5-3c31-4ca7-b2da-daf5f08d71a1}</UniqueIdentifier>
    </Filter>
    <Filter Include="Shaders\UnlitShader">
      <UniqueIdentifier>{6dbcb704-08fa-4f56-9ec9-5169832b0685}</UniqueIdentifier>
    </Filter>
  </ItemGroup>
  <ItemGroup>
    <ClCompile Include="Main.cpp">
      <Filter>Source Files</Filter>
    </ClCompile>
    <ClCompile Include="GameEngine.cpp">
      <Filter>Source Files</Filter>
    </ClCompile>
    <ClCompile Include="Scene.cpp">
      <Filter>Source Files</Filter>
    </ClCompile>
    <ClCompile Include="Time.cpp">
      <Filter>Source Files</Filter>
    </ClCompile>
    <ClCompile Include="Win32Handler.cpp">
      <Filter>Source Files</Filter>
    </ClCompile>
    <ClCompile Include="Input\Mouse\MouseEvent.cpp">
      <Filter>Source Files\Input\Mouse</Filter>
    </ClCompile>
    <ClCompile Include="Input\Mouse\MouseClass.cpp">
      <Filter>Source Files\Input\Mouse</Filter>
    </ClCompile>
    <ClCompile Include="Input\Keyboard\KeyboardClass.cpp">
      <Filter>Source Files\Input\Keyboard</Filter>
    </ClCompile>
    <ClCompile Include="Input\Keyboard\KeyboardEvent.cpp">
      <Filter>Source Files\Input\Keyboard</Filter>
    </ClCompile>
    <ClCompile Include="Input\XController.cpp">
      <Filter>Source Files\Input</Filter>
    </ClCompile>
    <ClCompile Include="Output\Graphics\Graphics.cpp">
      <Filter>Source Files\Output\Graphics</Filter>
    </ClCompile>
    <ClCompile Include="Output\Graphics\GraphicsHelper.cpp">
      <Filter>Source Files\Output\Graphics</Filter>
    </ClCompile>
    <ClCompile Include="Output\Graphics\DepthFramebuffer.cpp">
      <Filter>Source Files\Output\Graphics</Filter>
    </ClCompile>
    <ClCompile Include="Output\Graphics\RenderFramebuffer.cpp">
      <Filter>Source Files\Output\Graphics</Filter>
    </ClCompile>
    <ClCompile Include="Output\Graphics\Shader.cpp">
      <Filter>Source Files\Output\Graphics</Filter>
    </ClCompile>
    <ClCompile Include="Output\Output.cpp">
      <Filter>Source Files\Output</Filter>
    </ClCompile>
    <ClCompile Include="Assets\DisplayShader\DisplayShader.cpp">
      <Filter>Source Files\Output\Graphics\DisplayShader</Filter>
    </ClCompile>
    <ClCompile Include="AssetManager\GameAssetManager.cpp">
      <Filter>Source Files\Asset Manager</Filter>
    </ClCompile>
    <ClCompile Include="AssetManager\MeshAssetManager.cpp">
      <Filter>Source Files\Asset Manager</Filter>
    </ClCompile>
    <ClCompile Include="AssetManager\Mesh.cpp">
      <Filter>Source Files\Asset Manager</Filter>
    </ClCompile>
    <ClCompile Include="AssetManager\Texture.cpp">
      <Filter>Source Files\Asset Manager</Filter>
    </ClCompile>
    <ClCompile Include="AssetManager\TextureAssetManager.cpp">
      <Filter>Source Files\Asset Manager</Filter>
    </ClCompile>
    <ClCompile Include="Assets\TextureShader\TextureShader.cpp">
      <Filter>Shaders\TextureShader</Filter>
    </ClCompile>
    <ClCompile Include="Assets\UnlitShader\UnlitShader.cpp">
      <Filter>Shaders\UnlitShader</Filter>
    </ClCompile>
    <ClCompile Include="Output\Graphics\RenderComponent.cpp">
      <Filter>Source Files\Output\Graphics</Filter>
    </ClCompile>
    <ClCompile Include="Output\Graphics\RenderList.cpp">
      <Filter>Source Files\Output\Graphics</Filter>
    </ClCompile>
    <ClCompile Include="Output\Graphics\Camera.cpp">
      <Filter>Source Files\Output\Graphics</Filter>
    </ClCompile>
    <ClCompile Include="Assets\Objects\Box\BoxObject.cpp">
      <Filter>Assets</Filter>
    </ClCompile>
    <ClCompile Include="Assets\Scenes\MainScene.cpp">
      <Filter>Assets</Filter>
    </ClCompile>
    <ClCompile Include="Assets\Objects\Player\PlayerObject.cpp">
      <Filter>Assets</Filter>
    </ClCompile>
    <ClCompile Include="Output\Graphics\Cubemap.cpp">
      <Filter>Source Files</Filter>
    </ClCompile>
    <ClCompile Include="Assets\CubemapShader\CubemapShader.cpp">
      <Filter>Source Files</Filter>
    </ClCompile>
    <ClCompile Include="Output\Graphics\LightComponent.cpp">
      <Filter>Source Files</Filter>
    </ClCompile>
    <ClCompile Include="Assets\DirectionalLightShader\DirectionalLightShader.cpp">
      <Filter>Source Files</Filter>
    </ClCompile>
    <ClCompile Include="Assets\DirectionalShadowDepthShader\DirectionalShadowDepthShader.cpp">
      <Filter>Source Files</Filter>
    </ClCompile>
    <ClCompile Include="Assets\InstanceShader\InstanceShader.cpp">
      <Filter>Source Files</Filter>
    </ClCompile>
    <ClCompile Include="Assets\Objects\Plane\PlaneObject.cpp">
      <Filter>Source Files</Filter>
    </ClCompile>
    <ClCompile Include="Tools\TimeTool.cpp">
      <Filter>Source Files</Filter>
    </ClCompile>
    <ClCompile Include="Assets\SSAOShader\SSAOShader.cpp">
      <Filter>Source Files</Filter>
    </ClCompile>
    <ClCompile Include="Output\Graphics\Quad\Quad.cpp">
      <Filter>Source Files</Filter>
    </ClCompile>
    <ClCompile Include="Output\Graphics\SSAO\SSAO.cpp">
      <Filter>Source Files</Filter>
    </ClCompile>
    <ClCompile Include="Assets\SSAOBlurShader\SSAOBlurShader.cpp">
      <Filter>Source Files</Filter>
    </ClCompile>
    <ClCompile Include="Output\Graphics\INSTANCE_EXPERIMENT.cpp">
      <Filter>Source Files</Filter>
    </ClCompile>
  </ItemGroup>
  <ItemGroup>
    <ClInclude Include="CommonHeader.h">
      <Filter>Header Files</Filter>
    </ClInclude>
    <ClInclude Include="GameEngine.h">
      <Filter>Header Files</Filter>
    </ClInclude>
    <ClInclude Include="GameObject.h">
      <Filter>Header Files</Filter>
    </ClInclude>
    <ClInclude Include="Scene.h">
      <Filter>Header Files</Filter>
    </ClInclude>
    <ClInclude Include="Helper.h">
      <Filter>Header Files</Filter>
    </ClInclude>
    <ClInclude Include="Time.h">
      <Filter>Header Files</Filter>
    </ClInclude>
    <ClInclude Include="Win32Handler.h">
      <Filter>Header Files</Filter>
    </ClInclude>
    <ClInclude Include="Input\Input.h">
      <Filter>Header Files\Input</Filter>
    </ClInclude>
    <ClInclude Include="Input\Mouse\MouseEvent.h">
      <Filter>Header Files\Input\Mouse</Filter>
    </ClInclude>
    <ClInclude Include="Input\Mouse\MouseClass.h">
      <Filter>Header Files\Input\Mouse</Filter>
    </ClInclude>
    <ClInclude Include="Input\Keyboard\KeyboardClass.h">
      <Filter>Header Files\Input\Keyboard</Filter>
    </ClInclude>
    <ClInclude Include="Input\Keyboard\KeyboardEvent.h">
      <Filter>Header Files\Input\Keyboard</Filter>
    </ClInclude>
    <ClInclude Include="ErrorLogger.h">
      <Filter>Header Files</Filter>
    </ClInclude>
    <ClInclude Include="MathEngine.h">
      <Filter>Header Files</Filter>
    </ClInclude>
    <ClInclude Include="Input\XController.h">
      <Filter>Header Files\Input</Filter>
    </ClInclude>
    <ClInclude Include="Output\Output.h">
      <Filter>Header Files\Output</Filter>
    </ClInclude>
    <ClInclude Include="Output\Graphics\GraphicsHelper.h">
      <Filter>Header Files\Output\Graphics</Filter>
    </ClInclude>
    <ClInclude Include="Output\Graphics\Graphics.h">
      <Filter>Header Files\Output\Graphics</Filter>
    </ClInclude>
    <ClInclude Include="Output\Graphics\DepthFramebuffer.h">
      <Filter>Header Files\Output\Graphics</Filter>
    </ClInclude>
    <ClInclude Include="Output\Graphics\Shader.h">
      <Filter>Header Files\Output\Graphics</Filter>
    </ClInclude>
    <ClInclude Include="Output\Graphics\RenderFramebuffer.h">
      <Filter>Header Files\Output\Graphics</Filter>
    </ClInclude>
    <ClInclude Include="Output\Graphics\d3dx12.h">
      <Filter>Header Files\Output\Graphics</Filter>
    </ClInclude>
    <ClInclude Include="Assets\DisplayShader\DisplayShader.h">
      <Filter>Header Files\Output\Graphics\DisplayShader</Filter>
    </ClInclude>
    <ClInclude Include="Output\Graphics\RenderComponent.h">
      <Filter>Header Files\Output\Graphics</Filter>
    </ClInclude>
    <ClInclude Include="Output\Graphics\RenderList.h">
      <Filter>Header Files\Output\Graphics</Filter>
    </ClInclude>
    <ClInclude Include="AssetManager\TextureAssetManager.h">
      <Filter>Header Files\Asset Manager</Filter>
    </ClInclude>
    <ClInclude Include="AssetManager\MeshAssetManager.h">
      <Filter>Header Files\Asset Manager</Filter>
    </ClInclude>
    <ClInclude Include="AssetManager\Mesh.h">
      <Filter>Header Files\Asset Manager</Filter>
    </ClInclude>
    <ClInclude Include="AssetManager\GameAssetManager.h">
      <Filter>Header Files\Asset Manager</Filter>
    </ClInclude>
    <ClInclude Include="AssetManager\Texture.h">
      <Filter>Header Files\Asset Manager</Filter>
    </ClInclude>
    <ClInclude Include="Assets\TextureShader\TextureShader.h">
      <Filter>Shaders\TextureShader</Filter>
    </ClInclude>
    <ClInclude Include="Assets\UnlitShader\UnlitShader.h">
      <Filter>Shaders\UnlitShader</Filter>
    </ClInclude>
    <ClInclude Include="Output\Graphics\Camera.h">
      <Filter>Header Files\Output\Graphics</Filter>
    </ClInclude>
    <ClInclude Include="Assets\Objects\Player\PlayerObject.h">
      <Filter>Assets</Filter>
    </ClInclude>
    <ClInclude Include="Assets\Objects\Box\BoxObject.h">
      <Filter>Assets</Filter>
    </ClInclude>
    <ClInclude Include="Assets\Scenes\MainScene.h">
      <Filter>Assets</Filter>
    </ClInclude>
    <ClInclude Include="Output\Graphics\Cubemap.h">
      <Filter>Header Files</Filter>
    </ClInclude>
    <ClInclude Include="Assets\CubemapShader\CubemapShader.h">
      <Filter>Header Files</Filter>
    </ClInclude>
    <ClInclude Include="Output\Graphics\LightComponent.h">
      <Filter>Header Files</Filter>
    </ClInclude>
    <ClInclude Include="Assets\DirectionalLightShader\DirectionalLightShader.h">
      <Filter>Header Files</Filter>
    </ClInclude>
    <ClInclude Include="Assets\DirectionalShadowDepthShader\DirectionalShadowDepthShader.h">
      <Filter>Header Files</Filter>
    </ClInclude>
    <ClInclude Include="Assets\InstanceShader\InstanceShader.h">
      <Filter>Header Files</Filter>
    </ClInclude>
    <ClInclude Include="Assets\Objects\Plane\PlaneObject.h">
      <Filter>Header Files</Filter>
    </ClInclude>
    <ClInclude Include="Tools\TimeTool.h">
      <Filter>Header Files</Filter>
    </ClInclude>
    <ClInclude Include="Assets\SSAOShader\SSAOShader.h">
      <Filter>Header Files</Filter>
    </ClInclude>
    <ClInclude Include="Output\Graphics\Quad\Quad.h">
      <Filter>Header Files</Filter>
    </ClInclude>
    <ClInclude Include="Output\Graphics\SSAO\SSAO.h">
      <Filter>Header Files</Filter>
    </ClInclude>
    <ClInclude Include="Assets\SSAOBlurShader\SSAOBlurShader.h">
      <Filter>Header Files</Filter>
    </ClInclude>
    <ClInclude Include="Output\Graphics\INSTANCE_EXPERIMENT.h">
      <Filter>Header Files</Filter>
    </ClInclude>
  </ItemGroup>
  <ItemGroup>
    <FxCompile Include="Assets\DisplayShader\display_pixel_shader.hlsl">
      <Filter>Source Files\Output\Graphics\DisplayShader</Filter>
    </FxCompile>
    <FxCompile Include="Assets\DisplayShader\display_vertex_shader.hlsl">
      <Filter>Source Files\Output\Graphics\DisplayShader</Filter>
    </FxCompile>
    <FxCompile Include="Assets\TextureShader\texture_pixel_shader.hlsl">
      <Filter>Shaders\TextureShader</Filter>
    </FxCompile>
    <FxCompile Include="Assets\TextureShader\texture_vertex_shader.hlsl">
      <Filter>Shaders\TextureShader</Filter>
    </FxCompile>
    <FxCompile Include="Assets\UnlitShader\unlit_pixel_shader.hlsl">
      <Filter>Shaders\UnlitShader</Filter>
    </FxCompile>
    <FxCompile Include="Assets\UnlitShader\unlit_vertex_shader.hlsl">
      <Filter>Shaders\UnlitShader</Filter>
    </FxCompile>
    <FxCompile Include="Assets\CubemapShader\cubemap_vertex_shader.hlsl" />
    <FxCompile Include="Assets\CubemapShader\cubemap_pixel_shader.hlsl" />
    <FxCompile Include="Assets\DirectionalLightShader\directional_light_vertex_shader.hlsl" />
    <FxCompile Include="Assets\DirectionalLightShader\directional_light_pixel_shader.hlsl" />
    <FxCompile Include="Assets\DirectionalShadowDepthShader\directional_shadow_depth_pixel_shader.hlsl" />
    <FxCompile Include="Assets\DirectionalShadowDepthShader\directional_shadow_depth_vertex_shader.hlsl" />
    <FxCompile Include="Assets\InstanceShader\instance_vertex_shader.hlsl" />
    <FxCompile Include="Assets\InstanceShader\instance_pixel_shader.hlsl" />
    <FxCompile Include="Assets\SSAOShader\ssao_vertex_shader.hlsl" />
    <FxCompile Include="Assets\SSAOShader\ssao_pixel_shader.hlsl" />
    <FxCompile Include="Assets\SSAOBlurShader\ssao_blur_vertex_shader.hlsl" />
    <FxCompile Include="Assets\SSAOBlurShader\ssao_blur_pixel_shader.hlsl" />
  </ItemGroup>
</Project>